
Microsoft Visual Studio Solution File, Format Version 12.00
# Visual Studio Version 16
VisualStudioVersion = 16.0.30320.27
MinimumVisualStudioVersion = 10.0.40219.1
Project("{9A19103F-16F7-4668-BE54-9A1E7A4F7556}") = "SimpleSchedules", "SimpleSchedules\SimpleSchedules.csproj", "{4F30B181-C614-4482-8926-65E2CB427C62}"
EndProject
Project("{9A19103F-16F7-4668-BE54-9A1E7A4F7556}") = "SimpleSchedules.Tests", "SimpleSchedules.Tests\SimpleSchedules.Tests.csproj", "{C71C45E0-D41E-49B6-AE74-2AB4A60CEFAA}"
EndProject
Project("{FAE04EC0-301F-11D3-BF4B-00C04F79EFBC}") = "ExampleWorkerService", "ExampleWorkerService\ExampleWorkerService.csproj", "{09F3DB37-04D5-423F-8D14-A4741A569F5A}"
EndProject
Global
	GlobalSection(SolutionConfigurationPlatforms) = preSolution
		Debug|Any CPU = Debug|Any CPU
		Release|Any CPU = Release|Any CPU
	EndGlobalSection
	GlobalSection(ProjectConfigurationPlatforms) = postSolution
		{4F30B181-C614-4482-8926-65E2CB427C62}.Debug|Any CPU.ActiveCfg = Debug|Any CPU
		{4F30B181-C614-4482-8926-65E2CB427C62}.Debug|Any CPU.Build.0 = Debug|Any CPU
		{4F30B181-C614-4482-8926-65E2CB427C62}.Release|Any CPU.ActiveCfg = Release|Any CPU
		{4F30B181-C614-4482-8926-65E2CB427C62}.Release|Any CPU.Build.0 = Release|Any CPU
		{C71C45E0-D41E-49B6-AE74-2AB4A60CEFAA}.Debug|Any CPU.ActiveCfg = Debug|Any CPU
		{C71C45E0-D41E-49B6-AE74-2AB4A60CEFAA}.Debug|Any CPU.Build.0 = Debug|Any CPU
		{C71C45E0-D41E-49B6-AE74-2AB4A60CEFAA}.Release|Any CPU.ActiveCfg = Release|Any CPU
		{C71C45E0-D41E-49B6-AE74-2AB4A60CEFAA}.Release|Any CPU.Build.0 = Release|Any CPU
		{09F3DB37-04D5-423F-8D14-A4741A569F5A}.Debug|Any CPU.ActiveCfg = Debug|Any CPU
		{09F3DB37-04D5-423F-8D14-A4741A569F5A}.Debug|Any CPU.Build.0 = Debug|Any CPU
		{09F3DB37-04D5-423F-8D14-A4741A569F5A}.Release|Any CPU.ActiveCfg = Release|Any CPU
		{09F3DB37-04D5-423F-8D14-A4741A569F5A}.Release|Any CPU.Build.0 = Release|Any CPU
	EndGlobalSection
	GlobalSection(SolutionProperties) = preSolution
		HideSolutionNode = FALSE
	EndGlobalSection
	GlobalSection(ExtensibilityGlobals) = postSolution
		SolutionGuid = {E31DF9DD-19BB-48D4-9E3D-F0890BF5D366}
	EndGlobalSection
EndGlobal
